
Microsoft Visual Studio Solution File, Format Version 12.00
# Visual Studio 15
VisualStudioVersion = 15.0.27130.0
MinimumVisualStudioVersion = 10.0.40219.1
Project("{FAE04EC0-301F-11D3-BF4B-00C04F79EFBC}") = "GitFlow", "GitFlow\GitFlow.csproj", "{C9E0133C-0955-4A70-A2BB-427E7DE1296F}"
EndProject
Global
	GlobalSection(SolutionConfigurationPlatforms) = preSolution
		Debug|Any CPU = Debug|Any CPU
		Release|Any CPU = Release|Any CPU
	EndGlobalSection
	GlobalSection(ProjectConfigurationPlatforms) = postSolution
		{C9E0133C-0955-4A70-A2BB-427E7DE1296F}.Debug|Any CPU.ActiveCfg = Debug|Any CPU
		{C9E0133C-0955-4A70-A2BB-427E7DE1296F}.Debug|Any CPU.Build.0 = Debug|Any CPU
		{C9E0133C-0955-4A70-A2BB-427E7DE1296F}.Release|Any CPU.ActiveCfg = Release|Any CPU
		{C9E0133C-0955-4A70-A2BB-427E7DE1296F}.Release|Any CPU.Build.0 = Release|Any CPU
	EndGlobalSection
	GlobalSection(SolutionProperties) = preSolution
		HideSolutionNode = FALSE
	EndGlobalSection
	GlobalSection(ExtensibilityGlobals) = postSolution
		SolutionGuid = {63B143DF-2B1C-499D-90AB-B77CB04D9FF4}
	EndGlobalSection
EndGlobal
